
Microsoft Visual Studio Solution File, Format Version 12.00
# Visual Studio 14
VisualStudioVersion = 14.0.25420.1
MinimumVisualStudioVersion = 10.0.40219.1
Project("{FAE04EC0-301F-11D3-BF4B-00C04F79EFBC}") = "NETIOCPSvr", "TCP\NETIOCPSvr\NETIOCPSvr.csproj", "{119D500C-48AA-4C40-8189-0783653F8086}"
EndProject
Project("{FAE04EC0-301F-11D3-BF4B-00C04F79EFBC}") = "NETUploadClient", "TCP\NETUploadClient\NETUploadClient.csproj", "{1EA7CDFC-C506-4598-8E32-C256437D7DA4}"
EndProject
Project("{FAE04EC0-301F-11D3-BF4B-00C04F79EFBC}") = "tcpserver", "tcpserver\tcpserver.csproj", "{613A182E-292C-48DE-83DA-5AB5CF259E5A}"
EndProject
Project("{2150E333-8FDC-42A3-9474-1A3956D46DE8}") = "服务端", "服务端", "{45B32519-A8DF-49F8-AB26-5AC0D0BB128D}"
EndProject
Project("{2150E333-8FDC-42A3-9474-1A3956D46DE8}") = "客户端", "客户端", "{20C1EE4E-3233-492A-A52B-17AC7CA84D1E}"
EndProject
Project("{FAE04EC0-301F-11D3-BF4B-00C04F79EFBC}") = "GameServer", "UserIOCPServer\GameServer.csproj", "{38AF4BD7-F024-4BFA-87C9-169B628EA395}"
EndProject
Project("{FAE04EC0-301F-11D3-BF4B-00C04F79EFBC}") = "GameCommon", "Common\GameCommon.csproj", "{8991C7F6-89E8-498D-909C-821B99191005}"
EndProject
Project("{FAE04EC0-301F-11D3-BF4B-00C04F79EFBC}") = "ConsoleApplicationServer", "ConsoleApplicationServer\ConsoleApplicationServer.csproj", "{85762D6B-BE7F-4803-A4B1-63EEFE76843B}"
EndProject
Project("{FAE04EC0-301F-11D3-BF4B-00C04F79EFBC}") = "GameClient", "GameClient\GameClient.csproj", "{E9F73B9A-1381-43B6-BB33-1109F192C02E}"
EndProject
Project("{FAE04EC0-301F-11D3-BF4B-00C04F79EFBC}") = "Mahjong", "..\Mahjong\Mahjong.csproj", "{9624223B-5869-4A8D-A166-EAE78CC8EA8A}"
EndProject
Global
	GlobalSection(SolutionConfigurationPlatforms) = preSolution
		Debug|Any CPU = Debug|Any CPU
		Debug|x86 = Debug|x86
		Release|Any CPU = Release|Any CPU
		Release|x86 = Release|x86
	EndGlobalSection
	GlobalSection(ProjectConfigurationPlatforms) = postSolution
		{119D500C-48AA-4C40-8189-0783653F8086}.Debug|Any CPU.ActiveCfg = Debug|x86
		{119D500C-48AA-4C40-8189-0783653F8086}.Debug|x86.ActiveCfg = Debug|x86
		{119D500C-48AA-4C40-8189-0783653F8086}.Debug|x86.Build.0 = Debug|x86
		{119D500C-48AA-4C40-8189-0783653F8086}.Release|Any CPU.ActiveCfg = Release|x86
		{119D500C-48AA-4C40-8189-0783653F8086}.Release|x86.ActiveCfg = Release|x86
		{119D500C-48AA-4C40-8189-0783653F8086}.Release|x86.Build.0 = Release|x86
		{1EA7CDFC-C506-4598-8E32-C256437D7DA4}.Debug|Any CPU.ActiveCfg = Debug|Any CPU
		{1EA7CDFC-C506-4598-8E32-C256437D7DA4}.Debug|Any CPU.Build.0 = Debug|Any CPU
		{1EA7CDFC-C506-4598-8E32-C256437D7DA4}.Debug|x86.ActiveCfg = Debug|Any CPU
		{1EA7CDFC-C506-4598-8E32-C256437D7DA4}.Debug|x86.Build.0 = Debug|Any CPU
		{1EA7CDFC-C506-4598-8E32-C256437D7DA4}.Release|Any CPU.ActiveCfg = Release|Any CPU
		{1EA7CDFC-C506-4598-8E32-C256437D7DA4}.Release|Any CPU.Build.0 = Release|Any CPU
		{1EA7CDFC-C506-4598-8E32-C256437D7DA4}.Release|x86.ActiveCfg = Release|Any CPU
		{1EA7CDFC-C506-4598-8E32-C256437D7DA4}.Release|x86.Build.0 = Release|Any CPU
		{613A182E-292C-48DE-83DA-5AB5CF259E5A}.Debug|Any CPU.ActiveCfg = Debug|x86
		{613A182E-292C-48DE-83DA-5AB5CF259E5A}.Debug|x86.ActiveCfg = Debug|x86
		{613A182E-292C-48DE-83DA-5AB5CF259E5A}.Debug|x86.Build.0 = Debug|x86
		{613A182E-292C-48DE-83DA-5AB5CF259E5A}.Release|Any CPU.ActiveCfg = Release|x86
		{613A182E-292C-48DE-83DA-5AB5CF259E5A}.Release|x86.ActiveCfg = Release|x86
		{613A182E-292C-48DE-83DA-5AB5CF259E5A}.Release|x86.Build.0 = Release|x86
		{38AF4BD7-F024-4BFA-87C9-169B628EA395}.Debug|Any CPU.ActiveCfg = Debug|Any CPU
		{38AF4BD7-F024-4BFA-87C9-169B628EA395}.Debug|Any CPU.Build.0 = Debug|Any CPU
		{38AF4BD7-F024-4BFA-87C9-169B628EA395}.Debug|x86.ActiveCfg = Debug|Any CPU
		{38AF4BD7-F024-4BFA-87C9-169B628EA395}.Debug|x86.Build.0 = Debug|Any CPU
		{38AF4BD7-F024-4BFA-87C9-169B628EA395}.Release|Any CPU.ActiveCfg = Release|Any CPU
		{38AF4BD7-F024-4BFA-87C9-169B628EA395}.Release|Any CPU.Build.0 = Release|Any CPU
		{38AF4BD7-F024-4BFA-87C9-169B628EA395}.Release|x86.ActiveCfg = Release|Any CPU
		{38AF4BD7-F024-4BFA-87C9-169B628EA395}.Release|x86.Build.0 = Release|Any CPU
		{8991C7F6-89E8-498D-909C-821B99191005}.Debug|Any CPU.ActiveCfg = Debug|Any CPU
		{8991C7F6-89E8-498D-909C-821B99191005}.Debug|Any CPU.Build.0 = Debug|Any CPU
		{8991C7F6-89E8-498D-909C-821B99191005}.Debug|x86.ActiveCfg = Debug|Any CPU
		{8991C7F6-89E8-498D-909C-821B99191005}.Debug|x86.Build.0 = Debug|Any CPU
		{8991C7F6-89E8-498D-909C-821B99191005}.Release|Any CPU.ActiveCfg = Release|Any CPU
		{8991C7F6-89E8-498D-909C-821B99191005}.Release|Any CPU.Build.0 = Release|Any CPU
		{8991C7F6-89E8-498D-909C-821B99191005}.Release|x86.ActiveCfg = Release|Any CPU
		{8991C7F6-89E8-498D-909C-821B99191005}.Release|x86.Build.0 = Release|Any CPU
		{85762D6B-BE7F-4803-A4B1-63EEFE76843B}.Debug|Any CPU.ActiveCfg = Debug|Any CPU
		{85762D6B-BE7F-4803-A4B1-63EEFE76843B}.Debug|Any CPU.Build.0 = Debug|Any CPU
		{85762D6B-BE7F-4803-A4B1-63EEFE76843B}.Debug|x86.ActiveCfg = Debug|Any CPU
		{85762D6B-BE7F-4803-A4B1-63EEFE76843B}.Debug|x86.Build.0 = Debug|Any CPU
		{85762D6B-BE7F-4803-A4B1-63EEFE76843B}.Release|Any CPU.ActiveCfg = Release|Any CPU
		{85762D6B-BE7F-4803-A4B1-63EEFE76843B}.Release|Any CPU.Build.0 = Release|Any CPU
		{85762D6B-BE7F-4803-A4B1-63EEFE76843B}.Release|x86.ActiveCfg = Release|Any CPU
		{85762D6B-BE7F-4803-A4B1-63EEFE76843B}.Release|x86.Build.0 = Release|Any CPU
		{E9F73B9A-1381-43B6-BB33-1109F192C02E}.Debug|Any CPU.ActiveCfg = Debug|Any CPU
		{E9F73B9A-1381-43B6-BB33-1109F192C02E}.Debug|Any CPU.Build.0 = Debug|Any CPU
		{E9F73B9A-1381-43B6-BB33-1109F192C02E}.Debug|x86.ActiveCfg = Debug|Any CPU
		{E9F73B9A-1381-43B6-BB33-1109F192C02E}.Debug|x86.Build.0 = Debug|Any CPU
		{E9F73B9A-1381-43B6-BB33-1109F192C02E}.Release|Any CPU.ActiveCfg = Release|Any CPU
		{E9F73B9A-1381-43B6-BB33-1109F192C02E}.Release|Any CPU.Build.0 = Release|Any CPU
		{E9F73B9A-1381-43B6-BB33-1109F192C02E}.Release|x86.ActiveCfg = Release|Any CPU
		{E9F73B9A-1381-43B6-BB33-1109F192C02E}.Release|x86.Build.0 = Release|Any CPU
		{9624223B-5869-4A8D-A166-EAE78CC8EA8A}.Debug|Any CPU.ActiveCfg = Debug|Any CPU
		{9624223B-5869-4A8D-A166-EAE78CC8EA8A}.Debug|Any CPU.Build.0 = Debug|Any CPU
		{9624223B-5869-4A8D-A166-EAE78CC8EA8A}.Debug|x86.ActiveCfg = Debug|Any CPU
		{9624223B-5869-4A8D-A166-EAE78CC8EA8A}.Debug|x86.Build.0 = Debug|Any CPU
		{9624223B-5869-4A8D-A166-EAE78CC8EA8A}.Release|Any CPU.ActiveCfg = Release|Any CPU
		{9624223B-5869-4A8D-A166-EAE78CC8EA8A}.Release|Any CPU.Build.0 = Release|Any CPU
		{9624223B-5869-4A8D-A166-EAE78CC8EA8A}.Release|x86.ActiveCfg = Release|Any CPU
		{9624223B-5869-4A8D-A166-EAE78CC8EA8A}.Release|x86.Build.0 = Release|Any CPU
	EndGlobalSection
	GlobalSection(SolutionProperties) = preSolution
		HideSolutionNode = FALSE
	EndGlobalSection
	GlobalSection(NestedProjects) = preSolution
		{119D500C-48AA-4C40-8189-0783653F8086} = {45B32519-A8DF-49F8-AB26-5AC0D0BB128D}
		{1EA7CDFC-C506-4598-8E32-C256437D7DA4} = {20C1EE4E-3233-492A-A52B-17AC7CA84D1E}
		{613A182E-292C-48DE-83DA-5AB5CF259E5A} = {45B32519-A8DF-49F8-AB26-5AC0D0BB128D}
		{38AF4BD7-F024-4BFA-87C9-169B628EA395} = {45B32519-A8DF-49F8-AB26-5AC0D0BB128D}
		{85762D6B-BE7F-4803-A4B1-63EEFE76843B} = {45B32519-A8DF-49F8-AB26-5AC0D0BB128D}
		{E9F73B9A-1381-43B6-BB33-1109F192C02E} = {20C1EE4E-3233-492A-A52B-17AC7CA84D1E}
	EndGlobalSection
EndGlobal
